
Microsoft Visual Studio Solution File, Format Version 12.00
# Visual Studio Version 16
VisualStudioVersion = 16.0.32228.343
MinimumVisualStudioVersion = 10.0.40219.1
Project("{FAE04EC0-301F-11D3-BF4B-00C04F79EFBC}") = "Security-App", "Security-App\Security-App.csproj", "{F8178C67-0ECB-4AE1-942B-40939AA13A57}"
EndProject
Global
	GlobalSection(SolutionConfigurationPlatforms) = preSolution
		Debug|Any CPU = Debug|Any CPU
		Release|Any CPU = Release|Any CPU
	EndGlobalSection
	GlobalSection(ProjectConfigurationPlatforms) = postSolution
		{F8178C67-0ECB-4AE1-942B-40939AA13A57}.Debug|Any CPU.ActiveCfg = Debug|Any CPU
		{F8178C67-0ECB-4AE1-942B-40939AA13A57}.Debug|Any CPU.Build.0 = Debug|Any CPU
		{F8178C67-0ECB-4AE1-942B-40939AA13A57}.Release|Any CPU.ActiveCfg = Release|Any CPU
		{F8178C67-0ECB-4AE1-942B-40939AA13A57}.Release|Any CPU.Build.0 = Release|Any CPU
	EndGlobalSection
	GlobalSection(SolutionProperties) = preSolution
		HideSolutionNode = FALSE
	EndGlobalSection
	GlobalSection(ExtensibilityGlobals) = postSolution
		SolutionGuid = {A38CA3FF-FA86-4784-9497-6A7DD0866F38}
	EndGlobalSection
EndGlobal
